// !$*UTF8*$!
{
	archiveVersion = 1;
	classes = {
	};
	objectVersion = 50;
	objects = {

/* Begin PBXBuildFile section */
		683991A524B767BD00C28ED8 /* AppDelegate.swift in Sources */ = {isa = PBXBuildFile; fileRef = 683991A424B767BD00C28ED8 /* AppDelegate.swift */; };
		683991A724B767BD00C28ED8 /* SceneDelegate.swift in Sources */ = {isa = PBXBuildFile; fileRef = 683991A624B767BD00C28ED8 /* SceneDelegate.swift */; };
		683991AE24B767C300C28ED8 /* Assets.xcassets in Resources */ = {isa = PBXBuildFile; fileRef = 683991AD24B767C300C28ED8 /* Assets.xcassets */; };
		683991B124B767C300C28ED8 /* LaunchScreen.storyboard in Resources */ = {isa = PBXBuildFile; fileRef = 683991AF24B767C300C28ED8 /* LaunchScreen.storyboard */; };
		683991BA24B7684700C28ED8 /* AtividadeViewController.swift in Sources */ = {isa = PBXBuildFile; fileRef = 683991B824B7684700C28ED8 /* AtividadeViewController.swift */; };
		683991BB24B7684700C28ED8 /* AtividadeViewController.xib in Resources */ = {isa = PBXBuildFile; fileRef = 683991B924B7684700C28ED8 /* AtividadeViewController.xib */; };
		683991BD24B76D6400C28ED8 /* Home.storyboard in Resources */ = {isa = PBXBuildFile; fileRef = 683991BC24B76D6400C28ED8 /* Home.storyboard */; };
		683991BF24B770E000C28ED8 /* AtividadesTableViewController.swift in Sources */ = {isa = PBXBuildFile; fileRef = 683991BE24B770E000C28ED8 /* AtividadesTableViewController.swift */; };
		683991C324B7735300C28ED8 /* Atividade.swift in Sources */ = {isa = PBXBuildFile; fileRef = 683991C224B7735200C28ED8 /* Atividade.swift */; };
		683991C524B773ED00C28ED8 /* AtividadeManager.swift in Sources */ = {isa = PBXBuildFile; fileRef = 683991C424B773ED00C28ED8 /* AtividadeManager.swift */; };
		68BBA2F824B7CE5600F5FE2D /* Main.storyboard in Resources */ = {isa = PBXBuildFile; fileRef = 68BBA2F724B7CE5600F5FE2D /* Main.storyboard */; };
/* End PBXBuildFile section */

/* Begin PBXFileReference section */
		683991A124B767BD00C28ED8 /* ListaAtividades.app */ = {isa = PBXFileReference; explicitFileType = wrapper.application; includeInIndex = 0; path = ListaAtividades.app; sourceTree = BUILT_PRODUCTS_DIR; };
		683991A424B767BD00C28ED8 /* AppDelegate.swift */ = {isa = PBXFileReference; lastKnownFileType = sourcecode.swift; path = AppDelegate.swift; sourceTree = "<group>"; };
		683991A624B767BD00C28ED8 /* SceneDelegate.swift */ = {isa = PBXFileReference; lastKnownFileType = sourcecode.swift; path = SceneDelegate.swift; sourceTree = "<group>"; };
		683991AD24B767C300C28ED8 /* Assets.xcassets */ = {isa = PBXFileReference; lastKnownFileType = folder.assetcatalog; path = Assets.xcassets; sourceTree = "<group>"; };
		683991B024B767C300C28ED8 /* Base */ = {isa = PBXFileReference; lastKnownFileType = file.storyboard; name = Base; path = Base.lproj/LaunchScreen.storyboard; sourceTree = "<group>"; };
		683991B224B767C300C28ED8 /* Info.plist */ = {isa = PBXFileReference; lastKnownFileType = text.plist.xml; path = Info.plist; sourceTree = "<group>"; };
		683991B824B7684700C28ED8 /* AtividadeViewController.swift */ = {isa = PBXFileReference; lastKnownFileType = sourcecode.swift; path = AtividadeViewController.swift; sourceTree = "<group>"; };
		683991B924B7684700C28ED8 /* AtividadeViewController.xib */ = {isa = PBXFileReference; lastKnownFileType = file.xib; path = AtividadeViewController.xib; sourceTree = "<group>"; };
		683991BC24B76D6400C28ED8 /* Home.storyboard */ = {isa = PBXFileReference; lastKnownFileType = file.storyboard; path = Home.storyboard; sourceTree = "<group>"; };
		683991BE24B770E000C28ED8 /* AtividadesTableViewController.swift */ = {isa = PBXFileReference; lastKnownFileType = sourcecode.swift; path = AtividadesTableViewController.swift; sourceTree = "<group>"; };
		683991C224B7735200C28ED8 /* Atividade.swift */ = {isa = PBXFileReference; lastKnownFileType = sourcecode.swift; path = Atividade.swift; sourceTree = "<group>"; };
		683991C424B773ED00C28ED8 /* AtividadeManager.swift */ = {isa = PBXFileReference; lastKnownFileType = sourcecode.swift; path = AtividadeManager.swift; sourceTree = "<group>"; };
		68BBA2F724B7CE5600F5FE2D /* Main.storyboard */ = {isa = PBXFileReference; lastKnownFileType = file.storyboard; path = Main.storyboard; sourceTree = "<group>"; };
/* End PBXFileReference section */

/* Begin PBXFrameworksBuildPhase section */
		6839919E24B767BD00C28ED8 /* Frameworks */ = {
			isa = PBXFrameworksBuildPhase;
			buildActionMask = 2147483647;
			files = (
			);
			runOnlyForDeploymentPostprocessing = 0;
		};
/* End PBXFrameworksBuildPhase section */

/* Begin PBXGroup section */
		6839919824B767BD00C28ED8 = {
			isa = PBXGroup;
			children = (
				683991A324B767BD00C28ED8 /* ListaAtividades */,
				683991A224B767BD00C28ED8 /* Products */,
			);
			sourceTree = "<group>";
		};
		683991A224B767BD00C28ED8 /* Products */ = {
			isa = PBXGroup;
			children = (
				683991A124B767BD00C28ED8 /* ListaAtividades.app */,
			);
			name = Products;
			sourceTree = "<group>";
		};
		683991A324B767BD00C28ED8 /* ListaAtividades */ = {
			isa = PBXGroup;
			children = (
				683991C224B7735200C28ED8 /* Atividade.swift */,
				683991C424B773ED00C28ED8 /* AtividadeManager.swift */,
				683991A424B767BD00C28ED8 /* AppDelegate.swift */,
				683991A624B767BD00C28ED8 /* SceneDelegate.swift */,
				683991AD24B767C300C28ED8 /* Assets.xcassets */,
				683991BC24B76D6400C28ED8 /* Home.storyboard */,
				68BBA2F724B7CE5600F5FE2D /* Main.storyboard */,
				683991AF24B767C300C28ED8 /* LaunchScreen.storyboard */,
				683991B224B767C300C28ED8 /* Info.plist */,
				683991B824B7684700C28ED8 /* AtividadeViewController.swift */,
				683991B924B7684700C28ED8 /* AtividadeViewController.xib */,
				683991BE24B770E000C28ED8 /* AtividadesTableViewController.swift */,
			);
			path = ListaAtividades;
			sourceTree = "<group>";
		};
/* End PBXGroup section */

/* Begin PBXNativeTarget section */
		683991A024B767BD00C28ED8 /* ListaAtividades */ = {
			isa = PBXNativeTarget;
			buildConfigurationList = 683991B524B767C300C28ED8 /* Build configuration list for PBXNativeTarget "ListaAtividades" */;
			buildPhases = (
				6839919D24B767BD00C28ED8 /* Sources */,
				6839919E24B767BD00C28ED8 /* Frameworks */,
				6839919F24B767BD00C28ED8 /* Resources */,
			);
			buildRules = (
			);
			dependencies = (
			);
			name = ListaAtividades;
			productName = ListaAtividades;
			productReference = 683991A124B767BD00C28ED8 /* ListaAtividades.app */;
			productType = "com.apple.product-type.application";
		};
/* End PBXNativeTarget section */

/* Begin PBXProject section */
		6839919924B767BD00C28ED8 /* Project object */ = {
			isa = PBXProject;
			attributes = {
				LastSwiftUpdateCheck = 1150;
				LastUpgradeCheck = 1150;
				ORGANIZATIONNAME = "Luiz Gomes";
				TargetAttributes = {
					683991A024B767BD00C28ED8 = {
						CreatedOnToolsVersion = 11.5;
					};
				};
			};
			buildConfigurationList = 6839919C24B767BD00C28ED8 /* Build configuration list for PBXProject "ListaAtividades" */;
			compatibilityVersion = "Xcode 9.3";
			developmentRegion = en;
			hasScannedForEncodings = 0;
			knownRegions = (
				en,
				Base,
			);
			mainGroup = 6839919824B767BD00C28ED8;
			productRefGroup = 683991A224B767BD00C28ED8 /* Products */;
			projectDirPath = "";
			projectRoot = "";
			targets = (
				683991A024B767BD00C28ED8 /* ListaAtividades */,
			);
		};
/* End PBXProject section */

/* Begin PBXResourcesBuildPhase section */
		6839919F24B767BD00C28ED8 /* Resources */ = {
			isa = PBXResourcesBuildPhase;
			buildActionMask = 2147483647;
			files = (
				683991B124B767C300C28ED8 /* LaunchScreen.storyboard in Resources */,
				68BBA2F824B7CE5600F5FE2D /* Main.storyboard in Resources */,
				683991BD24B76D6400C28ED8 /* Home.storyboard in Resources */,
				683991AE24B767C300C28ED8 /* Assets.xcassets in Resources */,
				683991BB24B7684700C28ED8 /* AtividadeViewController.xib in Resources */,
			);
			runOnlyForDeploymentPostprocessing = 0;
		};
/* End PBXResourcesBuildPhase section */

/* Begin PBXSourcesBuildPhase section */
		6839919D24B767BD00C28ED8 /* Sources */ = {
			isa = PBXSourcesBuildPhase;
			buildActionMask = 2147483647;
			files = (
				683991A524B767BD00C28ED8 /* AppDelegate.swift in Sources */,
				683991BA24B7684700C28ED8 /* AtividadeViewController.swift in Sources */,
				683991A724B767BD00C28ED8 /* SceneDelegate.swift in Sources */,
				683991C324B7735300C28ED8 /* Atividade.swift in Sources */,
				683991BF24B770E000C28ED8 /* AtividadesTableViewController.swift in Sources */,
				683991C524B773ED00C28ED8 /* AtividadeManager.swift in Sources */,
			);
			runOnlyForDeploymentPostprocessing = 0;
		};
/* End PBXSourcesBuildPhase section */

/* Begin PBXVariantGroup section */
		683991AF24B767C300C28ED8 /* LaunchScreen.storyboard */ = {
			isa = PBXVariantGroup;
			children = (
				683991B024B767C300C28ED8 /* Base */,
			);
			name = LaunchScreen.storyboard;
			sourceTree = "<group>";
		};
/* End PBXVariantGroup section */

/* Begin XCBuildConfiguration section */
		683991B324B767C300C28ED8 /* Debug */ = {
			isa = XCBuildConfiguration;
			buildSettings = {
				ALWAYS_SEARCH_USER_PATHS = NO;
				CLANG_ANALYZER_NONNULL = YES;
				CLANG_ANALYZER_NUMBER_OBJECT_CONVERSION = YES_AGGRESSIVE;
				CLANG_CXX_LANGUAGE_STANDARD = "gnu++14";
				CLANG_CXX_LIBRARY = "libc++";
				CLANG_ENABLE_MODULES = YES;
				CLANG_ENABLE_OBJC_ARC = YES;
				CLANG_ENABLE_OBJC_WEAK = YES;
				CLANG_WARN_BLOCK_CAPTURE_AUTORELEASING = YES;
				CLANG_WARN_BOOL_CONVERSION = YES;
				CLANG_WARN_COMMA = YES;
				CLANG_WARN_CONSTANT_CONVERSION = YES;
				CLANG_WARN_DEPRECATED_OBJC_IMPLEMENTATIONS = YES;
				CLANG_WARN_DIRECT_OBJC_ISA_USAGE = YES_ERROR;
				CLANG_WARN_DOCUMENTATION_COMMENTS = YES;
				CLANG_WARN_EMPTY_BODY = YES;
				CLANG_WARN_ENUM_CONVERSION = YES;
				CLANG_WARN_INFINITE_RECURSION = YES;
				CLANG_WARN_INT_CONVERSION = YES;
				CLANG_WARN_NON_LITERAL_NULL_CONVERSION = YES;
				CLANG_WARN_OBJC_IMPLICIT_RETAIN_SELF = YES;
				CLANG_WARN_OBJC_LITERAL_CONVERSION = YES;
				CLANG_WARN_OBJC_ROOT_CLASS = YES_ERROR;
				CLANG_WARN_RANGE_LOOP_ANALYSIS = YES;
				CLANG_WARN_STRICT_PROTOTYPES = YES;
				CLANG_WARN_SUSPICIOUS_MOVE = YES;
				CLANG_WARN_UNGUARDED_AVAILABILITY = YES_AGGRESSIVE;
				CLANG_WARN_UNREACHABLE_CODE = YES;
				CLANG_WARN__DUPLICATE_METHOD_MATCH = YES;
				COPY_PHASE_STRIP = NO;
				DEBUG_INFORMATION_FORMAT = dwarf;
				ENABLE_STRICT_OBJC_MSGSEND = YES;
				ENABLE_TESTABILITY = YES;
				GCC_C_LANGUAGE_STANDARD = gnu11;
				GCC_DYNAMIC_NO_PIC = NO;
				GCC_NO_COMMON_BLOCKS = YES;
				GCC_OPTIMIZATION_LEVEL = 0;
				GCC_PREPROCESSOR_DEFINITIONS = (
					"DEBUG=1",
					"$(inherited)",
				);
				GCC_WARN_64_TO_32_BIT_CONVERSION = YES;
				GCC_WARN_ABOUT_RETURN_TYPE = YES_ERROR;
				GCC_WARN_UNDECLARED_SELECTOR = YES;
				GCC_WARN_UNINITIALIZED_AUTOS = YES_AGGRESSIVE;
				GCC_WARN_UNUSED_FUNCTION = YES;
				GCC_WARN_UNUSED_VARIABLE = YES;
				IPHONEOS_DEPLOYMENT_TARGET = 13.5;
				MTL_ENABLE_DEBUG_INFO = INCLUDE_SOURCE;
				MTL_FAST_MATH = YES;
				ONLY_ACTIVE_ARCH = YES;
				SDKROOT = iphoneos;
				SWIFT_ACTIVE_COMPILATION_CONDITIONS = DEBUG;
				SWIFT_OPTIMIZATION_LEVEL = "-Onone";
			};
			name = Debug;
		};
		683991B424B767C300C28ED8 /* Release */ = {
			isa = XCBuildConfiguration;
			buildSettings = {
				ALWAYS_SEARCH_USER_PATHS = NO;
				CLANG_ANALYZER_NONNULL = YES;
				CLANG_ANALYZER_NUMBER_OBJECT_CONVERSION = YES_AGGRESSIVE;
				CLANG_CXX_LANGUAGE_STANDARD = "gnu++14";
				CLANG_CXX_LIBRARY = "libc++";
				CLANG_ENABLE_MODULES = YES;
				CLANG_ENABLE_OBJC_ARC = YES;
				CLANG_ENABLE_OBJC_WEAK = YES;
				CLANG_WARN_BLOCK_CAPTURE_AUTORELEASING = YES;
				CLANG_WARN_BOOL_CONVERSION = YES;
				CLANG_WARN_COMMA = YES;
				CLANG_WARN_CONSTANT_CONVERSION = YES;
				CLANG_WARN_DEPRECATED_OBJC_IMPLEMENTATIONS = YES;
				CLANG_WARN_DIRECT_OBJC_ISA_USAGE = YES_ERROR;
				CLANG_WARN_DOCUMENTATION_COMMENTS = YES;
				CLANG_WARN_EMPTY_BODY = YES;
				CLANG_WARN_ENUM_CONVERSION = YES;
				CLANG_WARN_INFINITE_RECURSION = YES;
				CLANG_WARN_INT_CONVERSION = YES;
				CLANG_WARN_NON_LITERAL_NULL_CONVERSION = YES;
				CLANG_WARN_OBJC_IMPLICIT_RETAIN_SELF = YES;
				CLANG_WARN_OBJC_LITERAL_CONVERSION = YES;
				CLANG_WARN_OBJC_ROOT_CLASS = YES_ERROR;
				CLANG_WARN_RANGE_LOOP_ANALYSIS = YES;
				CLANG_WARN_STRICT_PROTOTYPES = YES;
				CLANG_WARN_SUSPICIOUS_MOVE = YES;
				CLANG_WARN_UNGUARDED_AVAILABILITY = YES_AGGRESSIVE;
				CLANG_WARN_UNREACHABLE_CODE = YES;
				CLANG_WARN__DUPLICATE_METHOD_MATCH = YES;
				COPY_PHASE_STRIP = NO;
				DEBUG_INFORMATION_FORMAT = "dwarf-with-dsym";
				ENABLE_NS_ASSERTIONS = NO;
				ENABLE_STRICT_OBJC_MSGSEND = YES;
				GCC_C_LANGUAGE_STANDARD = gnu11;
				GCC_NO_COMMON_BLOCKS = YES;
				GCC_WARN_64_TO_32_BIT_CONVERSION = YES;
				GCC_WARN_ABOUT_RETURN_TYPE = YES_ERROR;
				GCC_WARN_UNDECLARED_SELECTOR = YES;
				GCC_WARN_UNINITIALIZED_AUTOS = YES_AGGRESSIVE;
				GCC_WARN_UNUSED_FUNCTION = YES;
				GCC_WARN_UNUSED_VARIABLE = YES;
				IPHONEOS_DEPLOYMENT_TARGET = 13.5;
				MTL_ENABLE_DEBUG_INFO = NO;
				MTL_FAST_MATH = YES;
				SDKROOT = iphoneos;
				SWIFT_COMPILATION_MODE = wholemodule;
				SWIFT_OPTIMIZATION_LEVEL = "-O";
				VALIDATE_PRODUCT = YES;
			};
			name = Release;
		};
		683991B624B767C300C28ED8 /* Debug */ = {
			isa = XCBuildConfiguration;
			buildSettings = {
				ASSETCATALOG_COMPILER_APPICON_NAME = AppIcon;
				CODE_SIGN_STYLE = Automatic;
				INFOPLIST_FILE = ListaAtividades/Info.plist;
				LD_RUNPATH_SEARCH_PATHS = (
					"$(inherited)",
					"@executable_path/Frameworks",
				);
				PRODUCT_BUNDLE_IDENTIFIER = gomes.luiz.ListaAtividades;
				PRODUCT_NAME = "$(TARGET_NAME)";
				SWIFT_VERSION = 5.0;
				TARGETED_DEVICE_FAMILY = "1,2";
			};
			name = Debug;
		};
		683991B724B767C300C28ED8 /* Release */ = {
			isa = XCBuildConfiguration;
			buildSettings = {
				ASSETCATALOG_COMPILER_APPICON_NAME = AppIcon;
				CODE_SIGN_STYLE = Automatic;
				INFOPLIST_FILE = ListaAtividades/Info.plist;
				LD_RUNPATH_SEARCH_PATHS = (
					"$(inherited)",
					"@executable_path/Frameworks",
				);
				PRODUCT_BUNDLE_IDENTIFIER = gomes.luiz.ListaAtividades;
				PRODUCT_NAME = "$(TARGET_NAME)";
				SWIFT_VERSION = 5.0;
				TARGETED_DEVICE_FAMILY = "1,2";
			};
			name = Release;
		};
/* End XCBuildConfiguration section */

/* Begin XCConfigurationList section */
		6839919C24B767BD00C28ED8 /* Build configuration list for PBXProject "ListaAtividades" */ = {
			isa = XCConfigurationList;
			buildConfigurations = (
				683991B324B767C300C28ED8 /* Debug */,
				683991B424B767C300C28ED8 /* Release */,
			);
			defaultConfigurationIsVisible = 0;
			defaultConfigurationName = Release;
		};
		683991B524B767C300C28ED8 /* Build configuration list for PBXNativeTarget "ListaAtividades" */ = {
			isa = XCConfigurationList;
			buildConfigurations = (
				683991B624B767C300C28ED8 /* Debug */,
				683991B724B767C300C28ED8 /* Release */,
			);
			defaultConfigurationIsVisible = 0;
			defaultConfigurationName = Release;
		};
/* End XCConfigurationList section */
	};
	rootObject = 6839919924B767BD00C28ED8 /* Project object */;
}
